// !$*UTF8*$!
{
	archiveVersion = 1;
	classes = {
	};
	objectVersion = 45;
	objects = {

/* Begin PBXBuildFile section */
		1243F8EE1326E38200F784FE /* AVFoundation.framework in Frameworks */ = {isa = PBXBuildFile; fileRef = 1243F8ED1326E38200F784FE /* AVFoundation.framework */; };
		1243F8F41326E39100F784FE /* EditAudioNoteViewController.m in Sources */ = {isa = PBXBuildFile; fileRef = 1243F8F21326E39100F784FE /* EditAudioNoteViewController.m */; };
		1243F8F51326E39100F784FE /* EditAudioNoteViewController.xib in Resources */ = {isa = PBXBuildFile; fileRef = 1243F8F31326E39100F784FE /* EditAudioNoteViewController.xib */; };
		1243F9091326E4B100F784FE /* AudioNote.m in Sources */ = {isa = PBXBuildFile; fileRef = 1243F9081326E4B100F784FE /* AudioNote.m */; };
		124441E7131C5BC10011C8F0 /* TextNote.m in Sources */ = {isa = PBXBuildFile; fileRef = 124441E6131C5BC10011C8F0 /* TextNote.m */; };
		1266D6C91325E80100A02D9F /* EditPhotoNoteViewController.m in Sources */ = {isa = PBXBuildFile; fileRef = 1266D6C71325E80100A02D9F /* EditPhotoNoteViewController.m */; };
		1266D6CA1325E80100A02D9F /* EditPhotoNoteViewController.xib in Resources */ = {isa = PBXBuildFile; fileRef = 1266D6C81325E80100A02D9F /* EditPhotoNoteViewController.xib */; };
		1266D6D11325E93000A02D9F /* camera_icon.gif in Resources */ = {isa = PBXBuildFile; fileRef = 1266D6D01325E93000A02D9F /* camera_icon.gif */; };
		1266D6D41325E9AB00A02D9F /* PhotoNote.m in Sources */ = {isa = PBXBuildFile; fileRef = 1266D6D31325E9AB00A02D9F /* PhotoNote.m */; };
		126F6D801328693E006D0F47 /* icon.png in Resources */ = {isa = PBXBuildFile; fileRef = 126F6D7F1328693E006D0F47 /* icon.png */; };
		126F6D8613286D27006D0F47 /* notelines.png in Resources */ = {isa = PBXBuildFile; fileRef = 126F6D8513286D27006D0F47 /* notelines.png */; };
		128246D0130C8C80006696D7 /* Category.m in Sources */ = {isa = PBXBuildFile; fileRef = 128246CF130C8C80006696D7 /* Category.m */; };
		128246D6130C8E21006696D7 /* Note.m in Sources */ = {isa = PBXBuildFile; fileRef = 128246D5130C8E21006696D7 /* Note.m */; };
		128246D9130C9423006696D7 /* Utilities.m in Sources */ = {isa = PBXBuildFile; fileRef = 128246D8130C9423006696D7 /* Utilities.m */; };
		129F4E791325AA010036DC09 /* EditTextNoteViewController.m in Sources */ = {isa = PBXBuildFile; fileRef = 129F4E771325AA010036DC09 /* EditTextNoteViewController.m */; };
		129F4E7A1325AA010036DC09 /* EditTextNoteViewController.xib in Resources */ = {isa = PBXBuildFile; fileRef = 129F4E781325AA010036DC09 /* EditTextNoteViewController.xib */; };
		12AA2CCB132595CA007E9C25 /* CategoryList.m in Sources */ = {isa = PBXBuildFile; fileRef = 12AA2CCA132595CA007E9C25 /* CategoryList.m */; };
		12E37D7913259C00001F7659 /* CategoryListViewController.m in Sources */ = {isa = PBXBuildFile; fileRef = 12E37D7713259C00001F7659 /* CategoryListViewController.m */; };
		12E37D7A13259C00001F7659 /* CategoryListViewController.xib in Resources */ = {isa = PBXBuildFile; fileRef = 12E37D7813259C00001F7659 /* CategoryListViewController.xib */; };
		1D3623260D0F684500981E51 /* MemoPadAppDelegate.m in Sources */ = {isa = PBXBuildFile; fileRef = 1D3623250D0F684500981E51 /* MemoPadAppDelegate.m */; };
		1D60589B0D05DD56006BFB54 /* main.m in Sources */ = {isa = PBXBuildFile; fileRef = 29B97316FDCFA39411CA2CEA /* main.m */; };
		1D60589F0D05DD5A006BFB54 /* Foundation.framework in Frameworks */ = {isa = PBXBuildFile; fileRef = 1D30AB110D05D00D00671497 /* Foundation.framework */; };
		1DF5F4E00D08C38300B7A737 /* UIKit.framework in Frameworks */ = {isa = PBXBuildFile; fileRef = 1DF5F4DF0D08C38300B7A737 /* UIKit.framework */; };
		2892E4100DC94CBA00A64D0F /* CoreGraphics.framework in Frameworks */ = {isa = PBXBuildFile; fileRef = 2892E40F0DC94CBA00A64D0F /* CoreGraphics.framework */; };
		28AD73600D9D9599002E5188 /* MainWindow.xib in Resources */ = {isa = PBXBuildFile; fileRef = 28AD735F0D9D9599002E5188 /* MainWindow.xib */; };
		28C286E10D94DF7D0034E888 /* CategoryViewController.m in Sources */ = {isa = PBXBuildFile; fileRef = 28C286E00D94DF7D0034E888 /* CategoryViewController.m */; };
		28F335F11007B36200424DE2 /* CategoryViewController.xib in Resources */ = {isa = PBXBuildFile; fileRef = 28F335F01007B36200424DE2 /* CategoryViewController.xib */; };
/* End PBXBuildFile section */

/* Begin PBXFileReference section */
		1243F8ED1326E38200F784FE /* AVFoundation.framework */ = {isa = PBXFileReference; lastKnownFileType = wrapper.framework; name = AVFoundation.framework; path = System/Library/Frameworks/AVFoundation.framework; sourceTree = SDKROOT; };
		1243F8F11326E39100F784FE /* EditAudioNoteViewController.h */ = {isa = PBXFileReference; fileEncoding = 4; lastKnownFileType = sourcecode.c.h; path = EditAudioNoteViewController.h; sourceTree = "<group>"; };
		1243F8F21326E39100F784FE /* EditAudioNoteViewController.m */ = {isa = PBXFileReference; fileEncoding = 4; lastKnownFileType = sourcecode.c.objc; path = EditAudioNoteViewController.m; sourceTree = "<group>"; };
		1243F8F31326E39100F784FE /* EditAudioNoteViewController.xib */ = {isa = PBXFileReference; lastKnownFileType = file.xib; name = EditAudioNoteViewController.xib; path = Classes/EditAudioNoteViewController.xib; sourceTree = "<group>"; };
		1243F9071326E4B100F784FE /* AudioNote.h */ = {isa = PBXFileReference; fileEncoding = 4; lastKnownFileType = sourcecode.c.h; path = AudioNote.h; sourceTree = "<group>"; };
		1243F9081326E4B100F784FE /* AudioNote.m */ = {isa = PBXFileReference; fileEncoding = 4; lastKnownFileType = sourcecode.c.objc; path = AudioNote.m; sourceTree = "<group>"; };
		124441E5131C5BC10011C8F0 /* TextNote.h */ = {isa = PBXFileReference; fileEncoding = 4; lastKnownFileType = sourcecode.c.h; path = TextNote.h; sourceTree = "<group>"; };
		124441E6131C5BC10011C8F0 /* TextNote.m */ = {isa = PBXFileReference; fileEncoding = 4; lastKnownFileType = sourcecode.c.objc; path = TextNote.m; sourceTree = "<group>"; };
		1266D6C61325E80100A02D9F /* EditPhotoNoteViewController.h */ = {isa = PBXFileReference; fileEncoding = 4; lastKnownFileType = sourcecode.c.h; path = EditPhotoNoteViewController.h; sourceTree = "<group>"; };
		1266D6C71325E80100A02D9F /* EditPhotoNoteViewController.m */ = {isa = PBXFileReference; fileEncoding = 4; lastKnownFileType = sourcecode.c.objc; path = EditPhotoNoteViewController.m; sourceTree = "<group>"; };
		1266D6C81325E80100A02D9F /* EditPhotoNoteViewController.xib */ = {isa = PBXFileReference; lastKnownFileType = file.xib; name = EditPhotoNoteViewController.xib; path = Classes/EditPhotoNoteViewController.xib; sourceTree = "<group>"; };
		1266D6D01325E93000A02D9F /* camera_icon.gif */ = {isa = PBXFileReference; lastKnownFileType = image.gif; path = camera_icon.gif; sourceTree = "<group>"; };
		1266D6D21325E9AB00A02D9F /* PhotoNote.h */ = {isa = PBXFileReference; fileEncoding = 4; lastKnownFileType = sourcecode.c.h; path = PhotoNote.h; sourceTree = "<group>"; };
		1266D6D31325E9AB00A02D9F /* PhotoNote.m */ = {isa = PBXFileReference; fileEncoding = 4; lastKnownFileType = sourcecode.c.objc; path = PhotoNote.m; sourceTree = "<group>"; };
		126F6D7F1328693E006D0F47 /* icon.png */ = {isa = PBXFileReference; lastKnownFileType = image.png; path = icon.png; sourceTree = "<group>"; };
		126F6D8513286D27006D0F47 /* notelines.png */ = {isa = PBXFileReference; lastKnownFileType = image.png; path = notelines.png; sourceTree = "<group>"; };
		128246CE130C8C80006696D7 /* Category.h */ = {isa = PBXFileReference; fileEncoding = 4; lastKnownFileType = sourcecode.c.h; path = Category.h; sourceTree = "<group>"; };
		128246CF130C8C80006696D7 /* Category.m */ = {isa = PBXFileReference; fileEncoding = 4; lastKnownFileType = sourcecode.c.objc; path = Category.m; sourceTree = "<group>"; };
		128246D4130C8E21006696D7 /* Note.h */ = {isa = PBXFileReference; fileEncoding = 4; lastKnownFileType = sourcecode.c.h; path = Note.h; sourceTree = "<group>"; };
		128246D5130C8E21006696D7 /* Note.m */ = {isa = PBXFileReference; fileEncoding = 4; lastKnownFileType = sourcecode.c.objc; path = Note.m; sourceTree = "<group>"; };
		128246D7130C9423006696D7 /* Utilities.h */ = {isa = PBXFileReference; fileEncoding = 4; lastKnownFileType = sourcecode.c.h; path = Utilities.h; sourceTree = "<group>"; };
		128246D8130C9423006696D7 /* Utilities.m */ = {isa = PBXFileReference; fileEncoding = 4; lastKnownFileType = sourcecode.c.objc; path = Utilities.m; sourceTree = "<group>"; };
		129F4E761325AA010036DC09 /* EditTextNoteViewController.h */ = {isa = PBXFileReference; fileEncoding = 4; lastKnownFileType = sourcecode.c.h; path = EditTextNoteViewController.h; sourceTree = "<group>"; };
		129F4E771325AA010036DC09 /* EditTextNoteViewController.m */ = {isa = PBXFileReference; fileEncoding = 4; lastKnownFileType = sourcecode.c.objc; path = EditTextNoteViewController.m; sourceTree = "<group>"; };
		129F4E781325AA010036DC09 /* EditTextNoteViewController.xib */ = {isa = PBXFileReference; lastKnownFileType = file.xib; name = EditTextNoteViewController.xib; path = Classes/EditTextNoteViewController.xib; sourceTree = "<group>"; };
		12AA2CC9132595CA007E9C25 /* CategoryList.h */ = {isa = PBXFileReference; fileEncoding = 4; lastKnownFileType = sourcecode.c.h; path = CategoryList.h; sourceTree = "<group>"; };
		12AA2CCA132595CA007E9C25 /* CategoryList.m */ = {isa = PBXFileReference; fileEncoding = 4; lastKnownFileType = sourcecode.c.objc; path = CategoryList.m; sourceTree = "<group>"; };
		12E37D7613259C00001F7659 /* CategoryListViewController.h */ = {isa = PBXFileReference; fileEncoding = 4; lastKnownFileType = sourcecode.c.h; path = CategoryListViewController.h; sourceTree = "<group>"; };
		12E37D7713259C00001F7659 /* CategoryListViewController.m */ = {isa = PBXFileReference; fileEncoding = 4; lastKnownFileType = sourcecode.c.objc; path = CategoryListViewController.m; sourceTree = "<group>"; };
		12E37D7813259C00001F7659 /* CategoryListViewController.xib */ = {isa = PBXFileReference; lastKnownFileType = file.xib; name = CategoryListViewController.xib; path = Classes/CategoryListViewController.xib; sourceTree = "<group>"; };
		1D30AB110D05D00D00671497 /* Foundation.framework */ = {isa = PBXFileReference; lastKnownFileType = wrapper.framework; name = Foundation.framework; path = System/Library/Frameworks/Foundation.framework; sourceTree = SDKROOT; };
		1D3623240D0F684500981E51 /* MemoPadAppDelegate.h */ = {isa = PBXFileReference; fileEncoding = 4; lastKnownFileType = sourcecode.c.h; path = MemoPadAppDelegate.h; sourceTree = "<group>"; };
		1D3623250D0F684500981E51 /* MemoPadAppDelegate.m */ = {isa = PBXFileReference; fileEncoding = 4; lastKnownFileType = sourcecode.c.objc; path = MemoPadAppDelegate.m; sourceTree = "<group>"; };
		1D6058910D05DD3D006BFB54 /* MemoPad.app */ = {isa = PBXFileReference; explicitFileType = wrapper.application; includeInIndex = 0; path = MemoPad.app; sourceTree = BUILT_PRODUCTS_DIR; };
		1DF5F4DF0D08C38300B7A737 /* UIKit.framework */ = {isa = PBXFileReference; lastKnownFileType = wrapper.framework; name = UIKit.framework; path = System/Library/Frameworks/UIKit.framework; sourceTree = SDKROOT; };
		2892E40F0DC94CBA00A64D0F /* CoreGraphics.framework */ = {isa = PBXFileReference; lastKnownFileType = wrapper.framework; name = CoreGraphics.framework; path = System/Library/Frameworks/CoreGraphics.framework; sourceTree = SDKROOT; };
		28A0AAE50D9B0CCF005BE974 /* MemoPad_Prefix.pch */ = {isa = PBXFileReference; fileEncoding = 4; lastKnownFileType = sourcecode.c.h; path = MemoPad_Prefix.pch; sourceTree = "<group>"; };
		28AD735F0D9D9599002E5188 /* MainWindow.xib */ = {isa = PBXFileReference; lastKnownFileType = file.xib; path = MainWindow.xib; sourceTree = "<group>"; };
		28C286DF0D94DF7D0034E888 /* CategoryViewController.h */ = {isa = PBXFileReference; fileEncoding = 4; lastKnownFileType = sourcecode.c.h; path = CategoryViewController.h; sourceTree = "<group>"; };
		28C286E00D94DF7D0034E888 /* CategoryViewController.m */ = {isa = PBXFileReference; fileEncoding = 4; lastKnownFileType = sourcecode.c.objc; path = CategoryViewController.m; sourceTree = "<group>"; };
		28F335F01007B36200424DE2 /* CategoryViewController.xib */ = {isa = PBXFileReference; lastKnownFileType = file.xib; path = CategoryViewController.xib; sourceTree = "<group>"; };
		29B97316FDCFA39411CA2CEA /* main.m */ = {isa = PBXFileReference; fileEncoding = 4; lastKnownFileType = sourcecode.c.objc; path = main.m; sourceTree = "<group>"; };
		8D1107310486CEB800E47090 /* MemoPad-Info.plist */ = {isa = PBXFileReference; fileEncoding = 4; lastKnownFileType = text.plist.xml; path = "MemoPad-Info.plist"; plistStructureDefinitionIdentifier = "com.apple.xcode.plist.structure-definition.iphone.info-plist"; sourceTree = "<group>"; };
/* End PBXFileReference section */

/* Begin PBXFrameworksBuildPhase section */
		1D60588F0D05DD3D006BFB54 /* Frameworks */ = {
			isa = PBXFrameworksBuildPhase;
			buildActionMask = 2147483647;
			files = (
				1D60589F0D05DD5A006BFB54 /* Foundation.framework in Frameworks */,
				1DF5F4E00D08C38300B7A737 /* UIKit.framework in Frameworks */,
				2892E4100DC94CBA00A64D0F /* CoreGraphics.framework in Frameworks */,
				1243F8EE1326E38200F784FE /* AVFoundation.framework in Frameworks */,
			);
			runOnlyForDeploymentPostprocessing = 0;
		};
/* End PBXFrameworksBuildPhase section */

/* Begin PBXGroup section */
		080E96DDFE201D6D7F000001 /* Classes */ = {
			isa = PBXGroup;
			children = (
				1243F9071326E4B100F784FE /* AudioNote.h */,
				1243F9081326E4B100F784FE /* AudioNote.m */,
				128246D4130C8E21006696D7 /* Note.h */,
				128246D5130C8E21006696D7 /* Note.m */,
				1266D6D21325E9AB00A02D9F /* PhotoNote.h */,
				1266D6D31325E9AB00A02D9F /* PhotoNote.m */,
				124441E5131C5BC10011C8F0 /* TextNote.h */,
				124441E6131C5BC10011C8F0 /* TextNote.m */,
				128246CE130C8C80006696D7 /* Category.h */,
				128246CF130C8C80006696D7 /* Category.m */,
				12AA2CC9132595CA007E9C25 /* CategoryList.h */,
				12AA2CCA132595CA007E9C25 /* CategoryList.m */,
				12E37D7613259C00001F7659 /* CategoryListViewController.h */,
				12E37D7713259C00001F7659 /* CategoryListViewController.m */,
				28C286DF0D94DF7D0034E888 /* CategoryViewController.h */,
				28C286E00D94DF7D0034E888 /* CategoryViewController.m */,
				1243F8F11326E39100F784FE /* EditAudioNoteViewController.h */,
				1243F8F21326E39100F784FE /* EditAudioNoteViewController.m */,
				1266D6C61325E80100A02D9F /* EditPhotoNoteViewController.h */,
				1266D6C71325E80100A02D9F /* EditPhotoNoteViewController.m */,
				129F4E761325AA010036DC09 /* EditTextNoteViewController.h */,
				129F4E771325AA010036DC09 /* EditTextNoteViewController.m */,
				128246D7130C9423006696D7 /* Utilities.h */,
				128246D8130C9423006696D7 /* Utilities.m */,
				1D3623240D0F684500981E51 /* MemoPadAppDelegate.h */,
				1D3623250D0F684500981E51 /* MemoPadAppDelegate.m */,
			);
			path = Classes;
			sourceTree = "<group>";
		};
		19C28FACFE9D520D11CA2CBB /* Products */ = {
			isa = PBXGroup;
			children = (
				1D6058910D05DD3D006BFB54 /* MemoPad.app */,
			);
			name = Products;
			sourceTree = "<group>";
		};
		29B97314FDCFA39411CA2CEA /* CustomTemplate */ = {
			isa = PBXGroup;
			children = (
				080E96DDFE201D6D7F000001 /* Classes */,
				29B97315FDCFA39411CA2CEA /* Other Sources */,
				29B97317FDCFA39411CA2CEA /* Resources */,
				29B97323FDCFA39411CA2CEA /* Frameworks */,
				19C28FACFE9D520D11CA2CBB /* Products */,
			);
			name = CustomTemplate;
			sourceTree = "<group>";
		};
		29B97315FDCFA39411CA2CEA /* Other Sources */ = {
			isa = PBXGroup;
			children = (
				28A0AAE50D9B0CCF005BE974 /* MemoPad_Prefix.pch */,
				29B97316FDCFA39411CA2CEA /* main.m */,
			);
			name = "Other Sources";
			sourceTree = "<group>";
		};
		29B97317FDCFA39411CA2CEA /* Resources */ = {
			isa = PBXGroup;
			children = (
				126F6D8513286D27006D0F47 /* notelines.png */,
				126F6D7F1328693E006D0F47 /* icon.png */,
				1243F8F31326E39100F784FE /* EditAudioNoteViewController.xib */,
				1266D6D01325E93000A02D9F /* camera_icon.gif */,
				1266D6C81325E80100A02D9F /* EditPhotoNoteViewController.xib */,
				129F4E781325AA010036DC09 /* EditTextNoteViewController.xib */,
				12E37D7813259C00001F7659 /* CategoryListViewController.xib */,
				28F335F01007B36200424DE2 /* CategoryViewController.xib */,
				28AD735F0D9D9599002E5188 /* MainWindow.xib */,
				8D1107310486CEB800E47090 /* MemoPad-Info.plist */,
			);
			name = Resources;
			sourceTree = "<group>";
		};
		29B97323FDCFA39411CA2CEA /* Frameworks */ = {
			isa = PBXGroup;
			children = (
				1DF5F4DF0D08C38300B7A737 /* UIKit.framework */,
				1D30AB110D05D00D00671497 /* Foundation.framework */,
				2892E40F0DC94CBA00A64D0F /* CoreGraphics.framework */,
				1243F8ED1326E38200F784FE /* AVFoundation.framework */,
			);
			name = Frameworks;
			sourceTree = "<group>";
		};
/* End PBXGroup section */

/* Begin PBXNativeTarget section */
		1D6058900D05DD3D006BFB54 /* MemoPad */ = {
			isa = PBXNativeTarget;
			buildConfigurationList = 1D6058960D05DD3E006BFB54 /* Build configuration list for PBXNativeTarget "MemoPad" */;
			buildPhases = (
				1D60588D0D05DD3D006BFB54 /* Resources */,
				1D60588E0D05DD3D006BFB54 /* Sources */,
				1D60588F0D05DD3D006BFB54 /* Frameworks */,
			);
			buildRules = (
			);
			dependencies = (
			);
			name = MemoPad;
			productName = MemoPad;
			productReference = 1D6058910D05DD3D006BFB54 /* MemoPad.app */;
			productType = "com.apple.product-type.application";
		};
/* End PBXNativeTarget section */

/* Begin PBXProject section */
		29B97313FDCFA39411CA2CEA /* Project object */ = {
			isa = PBXProject;
			buildConfigurationList = C01FCF4E08A954540054247B /* Build configuration list for PBXProject "MemoPad" */;
			compatibilityVersion = "Xcode 3.1";
			developmentRegion = English;
			hasScannedForEncodings = 1;
			knownRegions = (
				English,
				Japanese,
				French,
				German,
				en,
			);
			mainGroup = 29B97314FDCFA39411CA2CEA /* CustomTemplate */;
			projectDirPath = "";
			projectRoot = "";
			targets = (
				1D6058900D05DD3D006BFB54 /* MemoPad */,
			);
		};
/* End PBXProject section */

/* Begin PBXResourcesBuildPhase section */
		1D60588D0D05DD3D006BFB54 /* Resources */ = {
			isa = PBXResourcesBuildPhase;
			buildActionMask = 2147483647;
			files = (
				28AD73600D9D9599002E5188 /* MainWindow.xib in Resources */,
				28F335F11007B36200424DE2 /* CategoryViewController.xib in Resources */,
				12E37D7A13259C00001F7659 /* CategoryListViewController.xib in Resources */,
				129F4E7A1325AA010036DC09 /* EditTextNoteViewController.xib in Resources */,
				1266D6CA1325E80100A02D9F /* EditPhotoNoteViewController.xib in Resources */,
				1266D6D11325E93000A02D9F /* camera_icon.gif in Resources */,
				1243F8F51326E39100F784FE /* EditAudioNoteViewController.xib in Resources */,
				126F6D801328693E006D0F47 /* icon.png in Resources */,
				126F6D8613286D27006D0F47 /* notelines.png in Resources */,
			);
			runOnlyForDeploymentPostprocessing = 0;
		};
/* End PBXResourcesBuildPhase section */

/* Begin PBXSourcesBuildPhase section */
		1D60588E0D05DD3D006BFB54 /* Sources */ = {
			isa = PBXSourcesBuildPhase;
			buildActionMask = 2147483647;
			files = (
				1D60589B0D05DD56006BFB54 /* main.m in Sources */,
				1D3623260D0F684500981E51 /* MemoPadAppDelegate.m in Sources */,
				28C286E10D94DF7D0034E888 /* CategoryViewController.m in Sources */,
				128246D0130C8C80006696D7 /* Category.m in Sources */,
				128246D6130C8E21006696D7 /* Note.m in Sources */,
				128246D9130C9423006696D7 /* Utilities.m in Sources */,
				124441E7131C5BC10011C8F0 /* TextNote.m in Sources */,
				12AA2CCB132595CA007E9C25 /* CategoryList.m in Sources */,
				12E37D7913259C00001F7659 /* CategoryListViewController.m in Sources */,
				129F4E791325AA010036DC09 /* EditTextNoteViewController.m in Sources */,
				1266D6C91325E80100A02D9F /* EditPhotoNoteViewController.m in Sources */,
				1266D6D41325E9AB00A02D9F /* PhotoNote.m in Sources */,
				1243F8F41326E39100F784FE /* EditAudioNoteViewController.m in Sources */,
				1243F9091326E4B100F784FE /* AudioNote.m in Sources */,
			);
			runOnlyForDeploymentPostprocessing = 0;
		};
/* End PBXSourcesBuildPhase section */

/* Begin XCBuildConfiguration section */
		1D6058940D05DD3E006BFB54 /* Debug */ = {
			isa = XCBuildConfiguration;
			buildSettings = {
				ALWAYS_SEARCH_USER_PATHS = NO;
				COPY_PHASE_STRIP = NO;
				GCC_DYNAMIC_NO_PIC = NO;
				GCC_OPTIMIZATION_LEVEL = 0;
				GCC_PRECOMPILE_PREFIX_HEADER = YES;
				GCC_PREFIX_HEADER = MemoPad_Prefix.pch;
				INFOPLIST_FILE = "MemoPad-Info.plist";
				PRODUCT_NAME = MemoPad;
			};
			name = Debug;
		};
		1D6058950D05DD3E006BFB54 /* Release */ = {
			isa = XCBuildConfiguration;
			buildSettings = {
				ALWAYS_SEARCH_USER_PATHS = NO;
				COPY_PHASE_STRIP = YES;
				GCC_PRECOMPILE_PREFIX_HEADER = YES;
				GCC_PREFIX_HEADER = MemoPad_Prefix.pch;
				INFOPLIST_FILE = "MemoPad-Info.plist";
				PRODUCT_NAME = MemoPad;
				VALIDATE_PRODUCT = YES;
			};
			name = Release;
		};
		C01FCF4F08A954540054247B /* Debug */ = {
			isa = XCBuildConfiguration;
			buildSettings = {
				ARCHS = "$(ARCHS_STANDARD_32_BIT)";
				"CODE_SIGN_IDENTITY[sdk=iphoneos*]" = "iPhone Developer";
				GCC_C_LANGUAGE_STANDARD = c99;
				GCC_WARN_ABOUT_RETURN_TYPE = YES;
				GCC_WARN_UNUSED_VARIABLE = YES;
				PREBINDING = NO;
				SDKROOT = iphoneos;
			};
			name = Debug;
		};
		C01FCF5008A954540054247B /* Release */ = {
			isa = XCBuildConfiguration;
			buildSettings = {
				ARCHS = "$(ARCHS_STANDARD_32_BIT)";
				"CODE_SIGN_IDENTITY[sdk=iphoneos*]" = "iPhone Developer";
				GCC_C_LANGUAGE_STANDARD = c99;
				GCC_WARN_ABOUT_RETURN_TYPE = YES;
				GCC_WARN_UNUSED_VARIABLE = YES;
				OTHER_CFLAGS = "-DNS_BLOCK_ASSERTIONS=1";
				PREBINDING = NO;
				SDKROOT = iphoneos;
			};
			name = Release;
		};
/* End XCBuildConfiguration section */

/* Begin XCConfigurationList section */
		1D6058960D05DD3E006BFB54 /* Build configuration list for PBXNativeTarget "MemoPad" */ = {
			isa = XCConfigurationList;
			buildConfigurations = (
				1D6058940D05DD3E006BFB54 /* Debug */,
				1D6058950D05DD3E006BFB54 /* Release */,
			);
			defaultConfigurationIsVisible = 0;
			defaultConfigurationName = Release;
		};
		C01FCF4E08A954540054247B /* Build configuration list for PBXProject "MemoPad" */ = {
			isa = XCConfigurationList;
			buildConfigurations = (
				C01FCF4F08A954540054247B /* Debug */,
				C01FCF5008A954540054247B /* Release */,
			);
			defaultConfigurationIsVisible = 0;
			defaultConfigurationName = Release;
		};
/* End XCConfigurationList section */
	};
	rootObject = 29B97313FDCFA39411CA2CEA /* Project object */;
}
